
Microsoft Visual Studio Solution File, Format Version 12.00
# Visual Studio Version 16
VisualStudioVersion = 16.0.30717.126
MinimumVisualStudioVersion = 10.0.40219.1
Project("{FAE04EC0-301F-11D3-BF4B-00C04F79EFBC}") = "SecondQuarterlyAssessment", "SecondQuarterlyAssessment\SecondQuarterlyAssessment.csproj", "{3341D1B2-A468-4D3C-BC76-2E07E24ACAED}"
EndProject
Global
	GlobalSection(SolutionConfigurationPlatforms) = preSolution
		Debug|Any CPU = Debug|Any CPU
		Release|Any CPU = Release|Any CPU
	EndGlobalSection
	GlobalSection(ProjectConfigurationPlatforms) = postSolution
		{3341D1B2-A468-4D3C-BC76-2E07E24ACAED}.Debug|Any CPU.ActiveCfg = Debug|Any CPU
		{3341D1B2-A468-4D3C-BC76-2E07E24ACAED}.Debug|Any CPU.Build.0 = Debug|Any CPU
		{3341D1B2-A468-4D3C-BC76-2E07E24ACAED}.Release|Any CPU.ActiveCfg = Release|Any CPU
		{3341D1B2-A468-4D3C-BC76-2E07E24ACAED}.Release|Any CPU.Build.0 = Release|Any CPU
	EndGlobalSection
	GlobalSection(SolutionProperties) = preSolution
		HideSolutionNode = FALSE
	EndGlobalSection
	GlobalSection(ExtensibilityGlobals) = postSolution
		SolutionGuid = {A429C7E4-4868-4AC2-A3F2-294927574AF1}
	EndGlobalSection
EndGlobal
